
Microsoft Visual Studio Solution File, Format Version 12.00
# Visual Studio Version 17
VisualStudioVersion = 17.0.31903.59
MinimumVisualStudioVersion = 10.0.40219.1
Project("{2150E333-8FDC-42A3-9474-1A3956D46DE8}") = "src", "src", "{9DFE2389-C231-4045-91FE-A39D4A8E4D74}"
EndProject
Project("{FAE04EC0-301F-11D3-BF4B-00C04F79EFBC}") = "AuctionService", "src\AuctionService\AuctionService.csproj", "{C03BC134-5E31-4C2C-AD3D-A32BC8F6E93C}"
EndProject
Project("{FAE04EC0-301F-11D3-BF4B-00C04F79EFBC}") = "SearchService", "src\SearchService\SearchService.csproj", "{A4CB230E-39AB-4DC9-95F0-5E96CCF79FA5}"
EndProject
Project("{FAE04EC0-301F-11D3-BF4B-00C04F79EFBC}") = "Contracts", "src\Contracts\Contracts.csproj", "{168A681A-82BE-4318-836A-579CF15CF782}"
EndProject
Project("{FAE04EC0-301F-11D3-BF4B-00C04F79EFBC}") = "IdentityService", "src\IdentityService\IdentityService.csproj", "{59F41213-CBFC-4319-930E-3AEAC2D40FBA}"
EndProject
Project("{FAE04EC0-301F-11D3-BF4B-00C04F79EFBC}") = "GatewayService", "src\GatewayService\GatewayService.csproj", "{76E8A817-57F6-437A-8882-B770225952DE}"
EndProject
Project("{FAE04EC0-301F-11D3-BF4B-00C04F79EFBC}") = "BidService", "src\BidService\BidService.csproj", "{3B7A0D3D-BD2B-439C-87B8-385D07076A93}"
EndProject
Project("{FAE04EC0-301F-11D3-BF4B-00C04F79EFBC}") = "NotificationService", "src\NotificationService\NotificationService.csproj", "{68614140-B2F3-42CB-AE7D-FB8DDA996F0B}"
EndProject
Project("{2150E333-8FDC-42A3-9474-1A3956D46DE8}") = "tests", "tests", "{7BA4FB28-759E-4750-B750-BF784081C0EA}"
EndProject
Project("{FAE04EC0-301F-11D3-BF4B-00C04F79EFBC}") = "AuctionService.UnitTests", "tests\AuctionService.UnitTests\AuctionService.UnitTests.csproj", "{9358B308-4E45-4D4F-ACC7-8DE39E7396D3}"
EndProject
Global
	GlobalSection(SolutionConfigurationPlatforms) = preSolution
		Debug|Any CPU = Debug|Any CPU
		Release|Any CPU = Release|Any CPU
	EndGlobalSection
	GlobalSection(SolutionProperties) = preSolution
		HideSolutionNode = FALSE
	EndGlobalSection
	GlobalSection(ProjectConfigurationPlatforms) = postSolution
		{C03BC134-5E31-4C2C-AD3D-A32BC8F6E93C}.Debug|Any CPU.ActiveCfg = Debug|Any CPU
		{C03BC134-5E31-4C2C-AD3D-A32BC8F6E93C}.Debug|Any CPU.Build.0 = Debug|Any CPU
		{C03BC134-5E31-4C2C-AD3D-A32BC8F6E93C}.Release|Any CPU.ActiveCfg = Release|Any CPU
		{C03BC134-5E31-4C2C-AD3D-A32BC8F6E93C}.Release|Any CPU.Build.0 = Release|Any CPU
		{A4CB230E-39AB-4DC9-95F0-5E96CCF79FA5}.Debug|Any CPU.ActiveCfg = Debug|Any CPU
		{A4CB230E-39AB-4DC9-95F0-5E96CCF79FA5}.Debug|Any CPU.Build.0 = Debug|Any CPU
		{A4CB230E-39AB-4DC9-95F0-5E96CCF79FA5}.Release|Any CPU.ActiveCfg = Release|Any CPU
		{A4CB230E-39AB-4DC9-95F0-5E96CCF79FA5}.Release|Any CPU.Build.0 = Release|Any CPU
		{168A681A-82BE-4318-836A-579CF15CF782}.Debug|Any CPU.ActiveCfg = Debug|Any CPU
		{168A681A-82BE-4318-836A-579CF15CF782}.Debug|Any CPU.Build.0 = Debug|Any CPU
		{168A681A-82BE-4318-836A-579CF15CF782}.Release|Any CPU.ActiveCfg = Release|Any CPU
		{168A681A-82BE-4318-836A-579CF15CF782}.Release|Any CPU.Build.0 = Release|Any CPU
		{59F41213-CBFC-4319-930E-3AEAC2D40FBA}.Debug|Any CPU.ActiveCfg = Debug|Any CPU
		{59F41213-CBFC-4319-930E-3AEAC2D40FBA}.Debug|Any CPU.Build.0 = Debug|Any CPU
		{59F41213-CBFC-4319-930E-3AEAC2D40FBA}.Release|Any CPU.ActiveCfg = Release|Any CPU
		{59F41213-CBFC-4319-930E-3AEAC2D40FBA}.Release|Any CPU.Build.0 = Release|Any CPU
		{76E8A817-57F6-437A-8882-B770225952DE}.Debug|Any CPU.ActiveCfg = Debug|Any CPU
		{76E8A817-57F6-437A-8882-B770225952DE}.Debug|Any CPU.Build.0 = Debug|Any CPU
		{76E8A817-57F6-437A-8882-B770225952DE}.Release|Any CPU.ActiveCfg = Release|Any CPU
		{76E8A817-57F6-437A-8882-B770225952DE}.Release|Any CPU.Build.0 = Release|Any CPU
		{3B7A0D3D-BD2B-439C-87B8-385D07076A93}.Debug|Any CPU.ActiveCfg = Debug|Any CPU
		{3B7A0D3D-BD2B-439C-87B8-385D07076A93}.Debug|Any CPU.Build.0 = Debug|Any CPU
		{3B7A0D3D-BD2B-439C-87B8-385D07076A93}.Release|Any CPU.ActiveCfg = Release|Any CPU
		{3B7A0D3D-BD2B-439C-87B8-385D07076A93}.Release|Any CPU.Build.0 = Release|Any CPU
		{68614140-B2F3-42CB-AE7D-FB8DDA996F0B}.Debug|Any CPU.ActiveCfg = Debug|Any CPU
		{68614140-B2F3-42CB-AE7D-FB8DDA996F0B}.Debug|Any CPU.Build.0 = Debug|Any CPU
		{68614140-B2F3-42CB-AE7D-FB8DDA996F0B}.Release|Any CPU.ActiveCfg = Release|Any CPU
		{68614140-B2F3-42CB-AE7D-FB8DDA996F0B}.Release|Any CPU.Build.0 = Release|Any CPU
		{9358B308-4E45-4D4F-ACC7-8DE39E7396D3}.Debug|Any CPU.ActiveCfg = Debug|Any CPU
		{9358B308-4E45-4D4F-ACC7-8DE39E7396D3}.Debug|Any CPU.Build.0 = Debug|Any CPU
		{9358B308-4E45-4D4F-ACC7-8DE39E7396D3}.Release|Any CPU.ActiveCfg = Release|Any CPU
		{9358B308-4E45-4D4F-ACC7-8DE39E7396D3}.Release|Any CPU.Build.0 = Release|Any CPU
	EndGlobalSection
	GlobalSection(NestedProjects) = preSolution
		{C03BC134-5E31-4C2C-AD3D-A32BC8F6E93C} = {9DFE2389-C231-4045-91FE-A39D4A8E4D74}
		{A4CB230E-39AB-4DC9-95F0-5E96CCF79FA5} = {9DFE2389-C231-4045-91FE-A39D4A8E4D74}
		{168A681A-82BE-4318-836A-579CF15CF782} = {9DFE2389-C231-4045-91FE-A39D4A8E4D74}
		{59F41213-CBFC-4319-930E-3AEAC2D40FBA} = {9DFE2389-C231-4045-91FE-A39D4A8E4D74}
		{76E8A817-57F6-437A-8882-B770225952DE} = {9DFE2389-C231-4045-91FE-A39D4A8E4D74}
		{3B7A0D3D-BD2B-439C-87B8-385D07076A93} = {9DFE2389-C231-4045-91FE-A39D4A8E4D74}
		{68614140-B2F3-42CB-AE7D-FB8DDA996F0B} = {9DFE2389-C231-4045-91FE-A39D4A8E4D74}
		{9358B308-4E45-4D4F-ACC7-8DE39E7396D3} = {7BA4FB28-759E-4750-B750-BF784081C0EA}
	EndGlobalSection
EndGlobal
